
Microsoft Visual Studio Solution File, Format Version 12.00
# Visual Studio 2013
VisualStudioVersion = 12.0.21005.1
MinimumVisualStudioVersion = 10.0.40219.1
Project("{FAE04EC0-301F-11D3-BF4B-00C04F79EFBC}") = "LoquatMegaStore", "ClassLibrary1\LoquatMegaStore.csproj", "{2E39D38D-D989-4EE0-A05E-CE9F4A7C0B53}"
EndProject
Project("{FAE04EC0-301F-11D3-BF4B-00C04F79EFBC}") = "Program", "Program\Program.csproj", "{273692A2-85D3-4906-B60F-F5B0B7E2C03C}"
EndProject
Global
	GlobalSection(SolutionConfigurationPlatforms) = preSolution
		Debug|Any CPU = Debug|Any CPU
		Release|Any CPU = Release|Any CPU
	EndGlobalSection
	GlobalSection(ProjectConfigurationPlatforms) = postSolution
		{2E39D38D-D989-4EE0-A05E-CE9F4A7C0B53}.Debug|Any CPU.ActiveCfg = Debug|Any CPU
		{2E39D38D-D989-4EE0-A05E-CE9F4A7C0B53}.Debug|Any CPU.Build.0 = Debug|Any CPU
		{2E39D38D-D989-4EE0-A05E-CE9F4A7C0B53}.Release|Any CPU.ActiveCfg = Release|Any CPU
		{2E39D38D-D989-4EE0-A05E-CE9F4A7C0B53}.Release|Any CPU.Build.0 = Release|Any CPU
		{273692A2-85D3-4906-B60F-F5B0B7E2C03C}.Debug|Any CPU.ActiveCfg = Debug|Any CPU
		{273692A2-85D3-4906-B60F-F5B0B7E2C03C}.Debug|Any CPU.Build.0 = Debug|Any CPU
		{273692A2-85D3-4906-B60F-F5B0B7E2C03C}.Release|Any CPU.ActiveCfg = Release|Any CPU
		{273692A2-85D3-4906-B60F-F5B0B7E2C03C}.Release|Any CPU.Build.0 = Release|Any CPU
	EndGlobalSection
	GlobalSection(SolutionProperties) = preSolution
		HideSolutionNode = FALSE
	EndGlobalSection
EndGlobal
